
Microsoft Visual Studio Solution File, Format Version 12.00
# Visual Studio Version 17
VisualStudioVersion = 17.9.34622.214
MinimumVisualStudioVersion = 10.0.40219.1
Project("{FAE04EC0-301F-11D3-BF4B-00C04F79EFBC}") = "mainPage", "mainPage\mainPage.csproj", "{E05150F3-4945-472B-8C34-1AE94776FFEF}"
EndProject
Global
	GlobalSection(SolutionConfigurationPlatforms) = preSolution
		Debug|Any CPU = Debug|Any CPU
		Release|Any CPU = Release|Any CPU
	EndGlobalSection
	GlobalSection(ProjectConfigurationPlatforms) = postSolution
		{E05150F3-4945-472B-8C34-1AE94776FFEF}.Debug|Any CPU.ActiveCfg = Debug|Any CPU
		{E05150F3-4945-472B-8C34-1AE94776FFEF}.Debug|Any CPU.Build.0 = Debug|Any CPU
		{E05150F3-4945-472B-8C34-1AE94776FFEF}.Release|Any CPU.ActiveCfg = Release|Any CPU
		{E05150F3-4945-472B-8C34-1AE94776FFEF}.Release|Any CPU.Build.0 = Release|Any CPU
	EndGlobalSection
	GlobalSection(SolutionProperties) = preSolution
		HideSolutionNode = FALSE
	EndGlobalSection
	GlobalSection(ExtensibilityGlobals) = postSolution
		SolutionGuid = {D0E84415-8200-45A0-B0FC-392D308D9091}
	EndGlobalSection
EndGlobal
